// !$*UTF8*$!
{
	archiveVersion = 1;
	classes = {
	};
	objectVersion = 56;
	objects = {

/* Begin PBXBuildFile section */
		14F6E7522AA229E5004C241B /* AppDelegate.swift in Sources */ = {isa = PBXBuildFile; fileRef = 14F6E7512AA229E5004C241B /* AppDelegate.swift */; };
		14F6E7542AA229E5004C241B /* SceneDelegate.swift in Sources */ = {isa = PBXBuildFile; fileRef = 14F6E7532AA229E5004C241B /* SceneDelegate.swift */; };
		14F6E7562AA229E5004C241B /* ViewController.swift in Sources */ = {isa = PBXBuildFile; fileRef = 14F6E7552AA229E5004C241B /* ViewController.swift */; };
		14F6E7592AA229E5004C241B /* Main.storyboard in Resources */ = {isa = PBXBuildFile; fileRef = 14F6E7572AA229E5004C241B /* Main.storyboard */; };
		14F6E75C2AA229E5004C241B /* PaycheckStatement.xcdatamodeld in Sources */ = {isa = PBXBuildFile; fileRef = 14F6E75A2AA229E5004C241B /* PaycheckStatement.xcdatamodeld */; };
		14F6E75E2AA229E6004C241B /* Assets.xcassets in Resources */ = {isa = PBXBuildFile; fileRef = 14F6E75D2AA229E6004C241B /* Assets.xcassets */; };
		14F6E7612AA229E6004C241B /* LaunchScreen.storyboard in Resources */ = {isa = PBXBuildFile; fileRef = 14F6E75F2AA229E6004C241B /* LaunchScreen.storyboard */; };
		14F6E76C2AA229E6004C241B /* PaycheckStatementTests.swift in Sources */ = {isa = PBXBuildFile; fileRef = 14F6E76B2AA229E6004C241B /* PaycheckStatementTests.swift */; };
		14F6E7762AA229E6004C241B /* PaycheckStatementUITests.swift in Sources */ = {isa = PBXBuildFile; fileRef = 14F6E7752AA229E6004C241B /* PaycheckStatementUITests.swift */; };
		14F6E7782AA229E6004C241B /* PaycheckStatementUITestsLaunchTests.swift in Sources */ = {isa = PBXBuildFile; fileRef = 14F6E7772AA229E6004C241B /* PaycheckStatementUITestsLaunchTests.swift */; };
/* End PBXBuildFile section */

/* Begin PBXContainerItemProxy section */
		14F6E7682AA229E6004C241B /* PBXContainerItemProxy */ = {
			isa = PBXContainerItemProxy;
			containerPortal = 14F6E7462AA229E5004C241B /* Project object */;
			proxyType = 1;
			remoteGlobalIDString = 14F6E74D2AA229E5004C241B;
			remoteInfo = PaycheckStatement;
		};
		14F6E7722AA229E6004C241B /* PBXContainerItemProxy */ = {
			isa = PBXContainerItemProxy;
			containerPortal = 14F6E7462AA229E5004C241B /* Project object */;
			proxyType = 1;
			remoteGlobalIDString = 14F6E74D2AA229E5004C241B;
			remoteInfo = PaycheckStatement;
		};
/* End PBXContainerItemProxy section */

/* Begin PBXFileReference section */
		14F6E74E2AA229E5004C241B /* PaycheckStatement.app */ = {isa = PBXFileReference; explicitFileType = wrapper.application; includeInIndex = 0; path = PaycheckStatement.app; sourceTree = BUILT_PRODUCTS_DIR; };
		14F6E7512AA229E5004C241B /* AppDelegate.swift */ = {isa = PBXFileReference; lastKnownFileType = sourcecode.swift; path = AppDelegate.swift; sourceTree = "<group>"; };
		14F6E7532AA229E5004C241B /* SceneDelegate.swift */ = {isa = PBXFileReference; lastKnownFileType = sourcecode.swift; path = SceneDelegate.swift; sourceTree = "<group>"; };
		14F6E7552AA229E5004C241B /* ViewController.swift */ = {isa = PBXFileReference; lastKnownFileType = sourcecode.swift; path = ViewController.swift; sourceTree = "<group>"; };
		14F6E7582AA229E5004C241B /* Base */ = {isa = PBXFileReference; lastKnownFileType = file.storyboard; name = Base; path = Base.lproj/Main.storyboard; sourceTree = "<group>"; };
		14F6E75B2AA229E5004C241B /* PaycheckStatement.xcdatamodel */ = {isa = PBXFileReference; lastKnownFileType = wrapper.xcdatamodel; path = PaycheckStatement.xcdatamodel; sourceTree = "<group>"; };
		14F6E75D2AA229E6004C241B /* Assets.xcassets */ = {isa = PBXFileReference; lastKnownFileType = folder.assetcatalog; path = Assets.xcassets; sourceTree = "<group>"; };
		14F6E7602AA229E6004C241B /* Base */ = {isa = PBXFileReference; lastKnownFileType = file.storyboard; name = Base; path = Base.lproj/LaunchScreen.storyboard; sourceTree = "<group>"; };
		14F6E7622AA229E6004C241B /* Info.plist */ = {isa = PBXFileReference; lastKnownFileType = text.plist.xml; path = Info.plist; sourceTree = "<group>"; };
		14F6E7672AA229E6004C241B /* PaycheckStatementTests.xctest */ = {isa = PBXFileReference; explicitFileType = wrapper.cfbundle; includeInIndex = 0; path = PaycheckStatementTests.xctest; sourceTree = BUILT_PRODUCTS_DIR; };
		14F6E76B2AA229E6004C241B /* PaycheckStatementTests.swift */ = {isa = PBXFileReference; lastKnownFileType = sourcecode.swift; path = PaycheckStatementTests.swift; sourceTree = "<group>"; };
		14F6E7712AA229E6004C241B /* PaycheckStatementUITests.xctest */ = {isa = PBXFileReference; explicitFileType = wrapper.cfbundle; includeInIndex = 0; path = PaycheckStatementUITests.xctest; sourceTree = BUILT_PRODUCTS_DIR; };
		14F6E7752AA229E6004C241B /* PaycheckStatementUITests.swift */ = {isa = PBXFileReference; lastKnownFileType = sourcecode.swift; path = PaycheckStatementUITests.swift; sourceTree = "<group>"; };
		14F6E7772AA229E6004C241B /* PaycheckStatementUITestsLaunchTests.swift */ = {isa = PBXFileReference; lastKnownFileType = sourcecode.swift; path = PaycheckStatementUITestsLaunchTests.swift; sourceTree = "<group>"; };
/* End PBXFileReference section */

/* Begin PBXFrameworksBuildPhase section */
		14F6E74B2AA229E5004C241B /* Frameworks */ = {
			isa = PBXFrameworksBuildPhase;
			buildActionMask = 2147483647;
			files = (
			);
			runOnlyForDeploymentPostprocessing = 0;
		};
		14F6E7642AA229E6004C241B /* Frameworks */ = {
			isa = PBXFrameworksBuildPhase;
			buildActionMask = 2147483647;
			files = (
			);
			runOnlyForDeploymentPostprocessing = 0;
		};
		14F6E76E2AA229E6004C241B /* Frameworks */ = {
			isa = PBXFrameworksBuildPhase;
			buildActionMask = 2147483647;
			files = (
			);
			runOnlyForDeploymentPostprocessing = 0;
		};
/* End PBXFrameworksBuildPhase section */

/* Begin PBXGroup section */
		14F6E7452AA229E5004C241B = {
			isa = PBXGroup;
			children = (
				14F6E7502AA229E5004C241B /* PaycheckStatement */,
				14F6E76A2AA229E6004C241B /* PaycheckStatementTests */,
				14F6E7742AA229E6004C241B /* PaycheckStatementUITests */,
				14F6E74F2AA229E5004C241B /* Products */,
			);
			sourceTree = "<group>";
		};
		14F6E74F2AA229E5004C241B /* Products */ = {
			isa = PBXGroup;
			children = (
				14F6E74E2AA229E5004C241B /* PaycheckStatement.app */,
				14F6E7672AA229E6004C241B /* PaycheckStatementTests.xctest */,
				14F6E7712AA229E6004C241B /* PaycheckStatementUITests.xctest */,
			);
			name = Products;
			sourceTree = "<group>";
		};
		14F6E7502AA229E5004C241B /* PaycheckStatement */ = {
			isa = PBXGroup;
			children = (
				14F6E7512AA229E5004C241B /* AppDelegate.swift */,
				14F6E7532AA229E5004C241B /* SceneDelegate.swift */,
				14F6E7552AA229E5004C241B /* ViewController.swift */,
				14F6E7572AA229E5004C241B /* Main.storyboard */,
				14F6E75D2AA229E6004C241B /* Assets.xcassets */,
				14F6E75F2AA229E6004C241B /* LaunchScreen.storyboard */,
				14F6E7622AA229E6004C241B /* Info.plist */,
				14F6E75A2AA229E5004C241B /* PaycheckStatement.xcdatamodeld */,
			);
			path = PaycheckStatement;
			sourceTree = "<group>";
		};
		14F6E76A2AA229E6004C241B /* PaycheckStatementTests */ = {
			isa = PBXGroup;
			children = (
				14F6E76B2AA229E6004C241B /* PaycheckStatementTests.swift */,
			);
			path = PaycheckStatementTests;
			sourceTree = "<group>";
		};
		14F6E7742AA229E6004C241B /* PaycheckStatementUITests */ = {
			isa = PBXGroup;
			children = (
				14F6E7752AA229E6004C241B /* PaycheckStatementUITests.swift */,
				14F6E7772AA229E6004C241B /* PaycheckStatementUITestsLaunchTests.swift */,
			);
			path = PaycheckStatementUITests;
			sourceTree = "<group>";
		};
/* End PBXGroup section */

/* Begin PBXNativeTarget section */
		14F6E74D2AA229E5004C241B /* PaycheckStatement */ = {
			isa = PBXNativeTarget;
			buildConfigurationList = 14F6E77B2AA229E6004C241B /* Build configuration list for PBXNativeTarget "PaycheckStatement" */;
			buildPhases = (
				14F6E74A2AA229E5004C241B /* Sources */,
				14F6E74B2AA229E5004C241B /* Frameworks */,
				14F6E74C2AA229E5004C241B /* Resources */,
			);
			buildRules = (
			);
			dependencies = (
			);
			name = PaycheckStatement;
			productName = PaycheckStatement;
			productReference = 14F6E74E2AA229E5004C241B /* PaycheckStatement.app */;
			productType = "com.apple.product-type.application";
		};
		14F6E7662AA229E6004C241B /* PaycheckStatementTests */ = {
			isa = PBXNativeTarget;
			buildConfigurationList = 14F6E77E2AA229E6004C241B /* Build configuration list for PBXNativeTarget "PaycheckStatementTests" */;
			buildPhases = (
				14F6E7632AA229E6004C241B /* Sources */,
				14F6E7642AA229E6004C241B /* Frameworks */,
				14F6E7652AA229E6004C241B /* Resources */,
			);
			buildRules = (
			);
			dependencies = (
				14F6E7692AA229E6004C241B /* PBXTargetDependency */,
			);
			name = PaycheckStatementTests;
			productName = PaycheckStatementTests;
			productReference = 14F6E7672AA229E6004C241B /* PaycheckStatementTests.xctest */;
			productType = "com.apple.product-type.bundle.unit-test";
		};
		14F6E7702AA229E6004C241B /* PaycheckStatementUITests */ = {
			isa = PBXNativeTarget;
			buildConfigurationList = 14F6E7812AA229E6004C241B /* Build configuration list for PBXNativeTarget "PaycheckStatementUITests" */;
			buildPhases = (
				14F6E76D2AA229E6004C241B /* Sources */,
				14F6E76E2AA229E6004C241B /* Frameworks */,
				14F6E76F2AA229E6004C241B /* Resources */,
			);
			buildRules = (
			);
			dependencies = (
				14F6E7732AA229E6004C241B /* PBXTargetDependency */,
			);
			name = PaycheckStatementUITests;
			productName = PaycheckStatementUITests;
			productReference = 14F6E7712AA229E6004C241B /* PaycheckStatementUITests.xctest */;
			productType = "com.apple.product-type.bundle.ui-testing";
		};
/* End PBXNativeTarget section */

/* Begin PBXProject section */
		14F6E7462AA229E5004C241B /* Project object */ = {
			isa = PBXProject;
			attributes = {
				BuildIndependentTargetsInParallel = 1;
				LastSwiftUpdateCheck = 1430;
				LastUpgradeCheck = 1430;
				TargetAttributes = {
					14F6E74D2AA229E5004C241B = {
						CreatedOnToolsVersion = 14.3.1;
					};
					14F6E7662AA229E6004C241B = {
						CreatedOnToolsVersion = 14.3.1;
						TestTargetID = 14F6E74D2AA229E5004C241B;
					};
					14F6E7702AA229E6004C241B = {
						CreatedOnToolsVersion = 14.3.1;
						TestTargetID = 14F6E74D2AA229E5004C241B;
					};
				};
			};
			buildConfigurationList = 14F6E7492AA229E5004C241B /* Build configuration list for PBXProject "PaycheckStatement" */;
			compatibilityVersion = "Xcode 14.0";
			developmentRegion = en;
			hasScannedForEncodings = 0;
			knownRegions = (
				en,
				Base,
			);
			mainGroup = 14F6E7452AA229E5004C241B;
			productRefGroup = 14F6E74F2AA229E5004C241B /* Products */;
			projectDirPath = "";
			projectRoot = "";
			targets = (
				14F6E74D2AA229E5004C241B /* PaycheckStatement */,
				14F6E7662AA229E6004C241B /* PaycheckStatementTests */,
				14F6E7702AA229E6004C241B /* PaycheckStatementUITests */,
			);
		};
/* End PBXProject section */

/* Begin PBXResourcesBuildPhase section */
		14F6E74C2AA229E5004C241B /* Resources */ = {
			isa = PBXResourcesBuildPhase;
			buildActionMask = 2147483647;
			files = (
				14F6E7612AA229E6004C241B /* LaunchScreen.storyboard in Resources */,
				14F6E75E2AA229E6004C241B /* Assets.xcassets in Resources */,
				14F6E7592AA229E5004C241B /* Main.storyboard in Resources */,
			);
			runOnlyForDeploymentPostprocessing = 0;
		};
		14F6E7652AA229E6004C241B /* Resources */ = {
			isa = PBXResourcesBuildPhase;
			buildActionMask = 2147483647;
			files = (
			);
			runOnlyForDeploymentPostprocessing = 0;
		};
		14F6E76F2AA229E6004C241B /* Resources */ = {
			isa = PBXResourcesBuildPhase;
			buildActionMask = 2147483647;
			files = (
			);
			runOnlyForDeploymentPostprocessing = 0;
		};
/* End PBXResourcesBuildPhase section */

/* Begin PBXSourcesBuildPhase section */
		14F6E74A2AA229E5004C241B /* Sources */ = {
			isa = PBXSourcesBuildPhase;
			buildActionMask = 2147483647;
			files = (
				14F6E7562AA229E5004C241B /* ViewController.swift in Sources */,
				14F6E7522AA229E5004C241B /* AppDelegate.swift in Sources */,
				14F6E7542AA229E5004C241B /* SceneDelegate.swift in Sources */,
				14F6E75C2AA229E5004C241B /* PaycheckStatement.xcdatamodeld in Sources */,
			);
			runOnlyForDeploymentPostprocessing = 0;
		};
		14F6E7632AA229E6004C241B /* Sources */ = {
			isa = PBXSourcesBuildPhase;
			buildActionMask = 2147483647;
			files = (
				14F6E76C2AA229E6004C241B /* PaycheckStatementTests.swift in Sources */,
			);
			runOnlyForDeploymentPostprocessing = 0;
		};
		14F6E76D2AA229E6004C241B /* Sources */ = {
			isa = PBXSourcesBuildPhase;
			buildActionMask = 2147483647;
			files = (
				14F6E7782AA229E6004C241B /* PaycheckStatementUITestsLaunchTests.swift in Sources */,
				14F6E7762AA229E6004C241B /* PaycheckStatementUITests.swift in Sources */,
			);
			runOnlyForDeploymentPostprocessing = 0;
		};
/* End PBXSourcesBuildPhase section */

/* Begin PBXTargetDependency section */
		14F6E7692AA229E6004C241B /* PBXTargetDependency */ = {
			isa = PBXTargetDependency;
			target = 14F6E74D2AA229E5004C241B /* PaycheckStatement */;
			targetProxy = 14F6E7682AA229E6004C241B /* PBXContainerItemProxy */;
		};
		14F6E7732AA229E6004C241B /* PBXTargetDependency */ = {
			isa = PBXTargetDependency;
			target = 14F6E74D2AA229E5004C241B /* PaycheckStatement */;
			targetProxy = 14F6E7722AA229E6004C241B /* PBXContainerItemProxy */;
		};
/* End PBXTargetDependency section */

/* Begin PBXVariantGroup section */
		14F6E7572AA229E5004C241B /* Main.storyboard */ = {
			isa = PBXVariantGroup;
			children = (
				14F6E7582AA229E5004C241B /* Base */,
			);
			name = Main.storyboard;
			sourceTree = "<group>";
		};
		14F6E75F2AA229E6004C241B /* LaunchScreen.storyboard */ = {
			isa = PBXVariantGroup;
			children = (
				14F6E7602AA229E6004C241B /* Base */,
			);
			name = LaunchScreen.storyboard;
			sourceTree = "<group>";
		};
/* End PBXVariantGroup section */

/* Begin XCBuildConfiguration section */
		14F6E7792AA229E6004C241B /* Debug */ = {
			isa = XCBuildConfiguration;
			buildSettings = {
				ALWAYS_SEARCH_USER_PATHS = NO;
				CLANG_ANALYZER_NONNULL = YES;
				CLANG_ANALYZER_NUMBER_OBJECT_CONVERSION = YES_AGGRESSIVE;
				CLANG_CXX_LANGUAGE_STANDARD = "gnu++20";
				CLANG_ENABLE_MODULES = YES;
				CLANG_ENABLE_OBJC_ARC = YES;
				CLANG_ENABLE_OBJC_WEAK = YES;
				CLANG_WARN_BLOCK_CAPTURE_AUTORELEASING = YES;
				CLANG_WARN_BOOL_CONVERSION = YES;
				CLANG_WARN_COMMA = YES;
				CLANG_WARN_CONSTANT_CONVERSION = YES;
				CLANG_WARN_DEPRECATED_OBJC_IMPLEMENTATIONS = YES;
				CLANG_WARN_DIRECT_OBJC_ISA_USAGE = YES_ERROR;
				CLANG_WARN_DOCUMENTATION_COMMENTS = YES;
				CLANG_WARN_EMPTY_BODY = YES;
				CLANG_WARN_ENUM_CONVERSION = YES;
				CLANG_WARN_INFINITE_RECURSION = YES;
				CLANG_WARN_INT_CONVERSION = YES;
				CLANG_WARN_NON_LITERAL_NULL_CONVERSION = YES;
				CLANG_WARN_OBJC_IMPLICIT_RETAIN_SELF = YES;
				CLANG_WARN_OBJC_LITERAL_CONVERSION = YES;
				CLANG_WARN_OBJC_ROOT_CLASS = YES_ERROR;
				CLANG_WARN_QUOTED_INCLUDE_IN_FRAMEWORK_HEADER = YES;
				CLANG_WARN_RANGE_LOOP_ANALYSIS = YES;
				CLANG_WARN_STRICT_PROTOTYPES = YES;
				CLANG_WARN_SUSPICIOUS_MOVE = YES;
				CLANG_WARN_UNGUARDED_AVAILABILITY = YES_AGGRESSIVE;
				CLANG_WARN_UNREACHABLE_CODE = YES;
				CLANG_WARN__DUPLICATE_METHOD_MATCH = YES;
				COPY_PHASE_STRIP = NO;
				DEBUG_INFORMATION_FORMAT = dwarf;
				ENABLE_STRICT_OBJC_MSGSEND = YES;
				ENABLE_TESTABILITY = YES;
				GCC_C_LANGUAGE_STANDARD = gnu11;
				GCC_DYNAMIC_NO_PIC = NO;
				GCC_NO_COMMON_BLOCKS = YES;
				GCC_OPTIMIZATION_LEVEL = 0;
				GCC_PREPROCESSOR_DEFINITIONS = (
					"DEBUG=1",
					"$(inherited)",
				);
				GCC_WARN_64_TO_32_BIT_CONVERSION = YES;
				GCC_WARN_ABOUT_RETURN_TYPE = YES_ERROR;
				GCC_WARN_UNDECLARED_SELECTOR = YES;
				GCC_WARN_UNINITIALIZED_AUTOS = YES_AGGRESSIVE;
				GCC_WARN_UNUSED_FUNCTION = YES;
				GCC_WARN_UNUSED_VARIABLE = YES;
				IPHONEOS_DEPLOYMENT_TARGET = 16.4;
				MTL_ENABLE_DEBUG_INFO = INCLUDE_SOURCE;
				MTL_FAST_MATH = YES;
				ONLY_ACTIVE_ARCH = YES;
				SDKROOT = iphoneos;
				SWIFT_ACTIVE_COMPILATION_CONDITIONS = DEBUG;
				SWIFT_OPTIMIZATION_LEVEL = "-Onone";
			};
			name = Debug;
		};
		14F6E77A2AA229E6004C241B /* Release */ = {
			isa = XCBuildConfiguration;
			buildSettings = {
				ALWAYS_SEARCH_USER_PATHS = NO;
				CLANG_ANALYZER_NONNULL = YES;
				CLANG_ANALYZER_NUMBER_OBJECT_CONVERSION = YES_AGGRESSIVE;
				CLANG_CXX_LANGUAGE_STANDARD = "gnu++20";
				CLANG_ENABLE_MODULES = YES;
				CLANG_ENABLE_OBJC_ARC = YES;
				CLANG_ENABLE_OBJC_WEAK = YES;
				CLANG_WARN_BLOCK_CAPTURE_AUTORELEASING = YES;
				CLANG_WARN_BOOL_CONVERSION = YES;
				CLANG_WARN_COMMA = YES;
				CLANG_WARN_CONSTANT_CONVERSION = YES;
				CLANG_WARN_DEPRECATED_OBJC_IMPLEMENTATIONS = YES;
				CLANG_WARN_DIRECT_OBJC_ISA_USAGE = YES_ERROR;
				CLANG_WARN_DOCUMENTATION_COMMENTS = YES;
				CLANG_WARN_EMPTY_BODY = YES;
				CLANG_WARN_ENUM_CONVERSION = YES;
				CLANG_WARN_INFINITE_RECURSION = YES;
				CLANG_WARN_INT_CONVERSION = YES;
				CLANG_WARN_NON_LITERAL_NULL_CONVERSION = YES;
				CLANG_WARN_OBJC_IMPLICIT_RETAIN_SELF = YES;
				CLANG_WARN_OBJC_LITERAL_CONVERSION = YES;
				CLANG_WARN_OBJC_ROOT_CLASS = YES_ERROR;
				CLANG_WARN_QUOTED_INCLUDE_IN_FRAMEWORK_HEADER = YES;
				CLANG_WARN_RANGE_LOOP_ANALYSIS = YES;
				CLANG_WARN_STRICT_PROTOTYPES = YES;
				CLANG_WARN_SUSPICIOUS_MOVE = YES;
				CLANG_WARN_UNGUARDED_AVAILABILITY = YES_AGGRESSIVE;
				CLANG_WARN_UNREACHABLE_CODE = YES;
				CLANG_WARN__DUPLICATE_METHOD_MATCH = YES;
				COPY_PHASE_STRIP = NO;
				DEBUG_INFORMATION_FORMAT = "dwarf-with-dsym";
				ENABLE_NS_ASSERTIONS = NO;
				ENABLE_STRICT_OBJC_MSGSEND = YES;
				GCC_C_LANGUAGE_STANDARD = gnu11;
				GCC_NO_COMMON_BLOCKS = YES;
				GCC_WARN_64_TO_32_BIT_CONVERSION = YES;
				GCC_WARN_ABOUT_RETURN_TYPE = YES_ERROR;
				GCC_WARN_UNDECLARED_SELECTOR = YES;
				GCC_WARN_UNINITIALIZED_AUTOS = YES_AGGRESSIVE;
				GCC_WARN_UNUSED_FUNCTION = YES;
				GCC_WARN_UNUSED_VARIABLE = YES;
				IPHONEOS_DEPLOYMENT_TARGET = 16.4;
				MTL_ENABLE_DEBUG_INFO = NO;
				MTL_FAST_MATH = YES;
				SDKROOT = iphoneos;
				SWIFT_COMPILATION_MODE = wholemodule;
				SWIFT_OPTIMIZATION_LEVEL = "-O";
				VALIDATE_PRODUCT = YES;
			};
			name = Release;
		};
		14F6E77C2AA229E6004C241B /* Debug */ = {
			isa = XCBuildConfiguration;
			buildSettings = {
				ASSETCATALOG_COMPILER_APPICON_NAME = AppIcon;
				ASSETCATALOG_COMPILER_GLOBAL_ACCENT_COLOR_NAME = AccentColor;
				CODE_SIGN_STYLE = Automatic;
				CURRENT_PROJECT_VERSION = 1;
				DEVELOPMENT_TEAM = SZURQ69PCN;
				GENERATE_INFOPLIST_FILE = YES;
				INFOPLIST_FILE = PaycheckStatement/Info.plist;
				INFOPLIST_KEY_UIApplicationSupportsIndirectInputEvents = YES;
				INFOPLIST_KEY_UILaunchStoryboardName = LaunchScreen;
				INFOPLIST_KEY_UIMainStoryboardFile = Main;
				INFOPLIST_KEY_UISupportedInterfaceOrientations_iPad = "UIInterfaceOrientationPortrait UIInterfaceOrientationPortraitUpsideDown UIInterfaceOrientationLandscapeLeft UIInterfaceOrientationLandscapeRight";
				INFOPLIST_KEY_UISupportedInterfaceOrientations_iPhone = "UIInterfaceOrientationPortrait UIInterfaceOrientationLandscapeLeft UIInterfaceOrientationLandscapeRight";
				LD_RUNPATH_SEARCH_PATHS = (
					"$(inherited)",
					"@executable_path/Frameworks",
				);
				MARKETING_VERSION = 1.0;
				PRODUCT_BUNDLE_IDENTIFIER = clc.PaycheckStatement;
				PRODUCT_NAME = "$(TARGET_NAME)";
				SWIFT_EMIT_LOC_STRINGS = YES;
				SWIFT_VERSION = 5.0;
				TARGETED_DEVICE_FAMILY = "1,2";
			};
			name = Debug;
		};
		14F6E77D2AA229E6004C241B /* Release */ = {
			isa = XCBuildConfiguration;
			buildSettings = {
				ASSETCATALOG_COMPILER_APPICON_NAME = AppIcon;
				ASSETCATALOG_COMPILER_GLOBAL_ACCENT_COLOR_NAME = AccentColor;
				CODE_SIGN_STYLE = Automatic;
				CURRENT_PROJECT_VERSION = 1;
				DEVELOPMENT_TEAM = SZURQ69PCN;
				GENERATE_INFOPLIST_FILE = YES;
				INFOPLIST_FILE = PaycheckStatement/Info.plist;
				INFOPLIST_KEY_UIApplicationSupportsIndirectInputEvents = YES;
				INFOPLIST_KEY_UILaunchStoryboardName = LaunchScreen;
				INFOPLIST_KEY_UIMainStoryboardFile = Main;
				INFOPLIST_KEY_UISupportedInterfaceOrientations_iPad = "UIInterfaceOrientationPortrait UIInterfaceOrientationPortraitUpsideDown UIInterfaceOrientationLandscapeLeft UIInterfaceOrientationLandscapeRight";
				INFOPLIST_KEY_UISupportedInterfaceOrientations_iPhone = "UIInterfaceOrientationPortrait UIInterfaceOrientationLandscapeLeft UIInterfaceOrientationLandscapeRight";
				LD_RUNPATH_SEARCH_PATHS = (
					"$(inherited)",
					"@executable_path/Frameworks",
				);
				MARKETING_VERSION = 1.0;
				PRODUCT_BUNDLE_IDENTIFIER = clc.PaycheckStatement;
				PRODUCT_NAME = "$(TARGET_NAME)";
				SWIFT_EMIT_LOC_STRINGS = YES;
				SWIFT_VERSION = 5.0;
				TARGETED_DEVICE_FAMILY = "1,2";
			};
			name = Release;
		};
		14F6E77F2AA229E6004C241B /* Debug */ = {
			isa = XCBuildConfiguration;
			buildSettings = {
				ALWAYS_EMBED_SWIFT_STANDARD_LIBRARIES = YES;
				BUNDLE_LOADER = "$(TEST_HOST)";
				CODE_SIGN_STYLE = Automatic;
				CURRENT_PROJECT_VERSION = 1;
				DEVELOPMENT_TEAM = SZURQ69PCN;
				GENERATE_INFOPLIST_FILE = YES;
				IPHONEOS_DEPLOYMENT_TARGET = 16.4;
				MARKETING_VERSION = 1.0;
				PRODUCT_BUNDLE_IDENTIFIER = clc.PaycheckStatementTests;
				PRODUCT_NAME = "$(TARGET_NAME)";
				SWIFT_EMIT_LOC_STRINGS = NO;
				SWIFT_VERSION = 5.0;
				TARGETED_DEVICE_FAMILY = "1,2";
				TEST_HOST = "$(BUILT_PRODUCTS_DIR)/PaycheckStatement.app/$(BUNDLE_EXECUTABLE_FOLDER_PATH)/PaycheckStatement";
			};
			name = Debug;
		};
		14F6E7802AA229E6004C241B /* Release */ = {
			isa = XCBuildConfiguration;
			buildSettings = {
				ALWAYS_EMBED_SWIFT_STANDARD_LIBRARIES = YES;
				BUNDLE_LOADER = "$(TEST_HOST)";
				CODE_SIGN_STYLE = Automatic;
				CURRENT_PROJECT_VERSION = 1;
				DEVELOPMENT_TEAM = SZURQ69PCN;
				GENERATE_INFOPLIST_FILE = YES;
				IPHONEOS_DEPLOYMENT_TARGET = 16.4;
				MARKETING_VERSION = 1.0;
				PRODUCT_BUNDLE_IDENTIFIER = clc.PaycheckStatementTests;
				PRODUCT_NAME = "$(TARGET_NAME)";
				SWIFT_EMIT_LOC_STRINGS = NO;
				SWIFT_VERSION = 5.0;
				TARGETED_DEVICE_FAMILY = "1,2";
				TEST_HOST = "$(BUILT_PRODUCTS_DIR)/PaycheckStatement.app/$(BUNDLE_EXECUTABLE_FOLDER_PATH)/PaycheckStatement";
			};
			name = Release;
		};
		14F6E7822AA229E6004C241B /* Debug */ = {
			isa = XCBuildConfiguration;
			buildSettings = {
				ALWAYS_EMBED_SWIFT_STANDARD_LIBRARIES = YES;
				CODE_SIGN_STYLE = Automatic;
				CURRENT_PROJECT_VERSION = 1;
				DEVELOPMENT_TEAM = SZURQ69PCN;
				GENERATE_INFOPLIST_FILE = YES;
				MARKETING_VERSION = 1.0;
				PRODUCT_BUNDLE_IDENTIFIER = clc.PaycheckStatementUITests;
				PRODUCT_NAME = "$(TARGET_NAME)";
				SWIFT_EMIT_LOC_STRINGS = NO;
				SWIFT_VERSION = 5.0;
				TARGETED_DEVICE_FAMILY = "1,2";
				TEST_TARGET_NAME = PaycheckStatement;
			};
			name = Debug;
		};
		14F6E7832AA229E6004C241B /* Release */ = {
			isa = XCBuildConfiguration;
			buildSettings = {
				ALWAYS_EMBED_SWIFT_STANDARD_LIBRARIES = YES;
				CODE_SIGN_STYLE = Automatic;
				CURRENT_PROJECT_VERSION = 1;
				DEVELOPMENT_TEAM = SZURQ69PCN;
				GENERATE_INFOPLIST_FILE = YES;
				MARKETING_VERSION = 1.0;
				PRODUCT_BUNDLE_IDENTIFIER = clc.PaycheckStatementUITests;
				PRODUCT_NAME = "$(TARGET_NAME)";
				SWIFT_EMIT_LOC_STRINGS = NO;
				SWIFT_VERSION = 5.0;
				TARGETED_DEVICE_FAMILY = "1,2";
				TEST_TARGET_NAME = PaycheckStatement;
			};
			name = Release;
		};
/* End XCBuildConfiguration section */

/* Begin XCConfigurationList section */
		14F6E7492AA229E5004C241B /* Build configuration list for PBXProject "PaycheckStatement" */ = {
			isa = XCConfigurationList;
			buildConfigurations = (
				14F6E7792AA229E6004C241B /* Debug */,
				14F6E77A2AA229E6004C241B /* Release */,
			);
			defaultConfigurationIsVisible = 0;
			defaultConfigurationName = Release;
		};
		14F6E77B2AA229E6004C241B /* Build configuration list for PBXNativeTarget "PaycheckStatement" */ = {
			isa = XCConfigurationList;
			buildConfigurations = (
				14F6E77C2AA229E6004C241B /* Debug */,
				14F6E77D2AA229E6004C241B /* Release */,
			);
			defaultConfigurationIsVisible = 0;
			defaultConfigurationName = Release;
		};
		14F6E77E2AA229E6004C241B /* Build configuration list for PBXNativeTarget "PaycheckStatementTests" */ = {
			isa = XCConfigurationList;
			buildConfigurations = (
				14F6E77F2AA229E6004C241B /* Debug */,
				14F6E7802AA229E6004C241B /* Release */,
			);
			defaultConfigurationIsVisible = 0;
			defaultConfigurationName = Release;
		};
		14F6E7812AA229E6004C241B /* Build configuration list for PBXNativeTarget "PaycheckStatementUITests" */ = {
			isa = XCConfigurationList;
			buildConfigurations = (
				14F6E7822AA229E6004C241B /* Debug */,
				14F6E7832AA229E6004C241B /* Release */,
			);
			defaultConfigurationIsVisible = 0;
			defaultConfigurationName = Release;
		};
/* End XCConfigurationList section */

/* Begin XCVersionGroup section */
		14F6E75A2AA229E5004C241B /* PaycheckStatement.xcdatamodeld */ = {
			isa = XCVersionGroup;
			children = (
				14F6E75B2AA229E5004C241B /* PaycheckStatement.xcdatamodel */,
			);
			currentVersion = 14F6E75B2AA229E5004C241B /* PaycheckStatement.xcdatamodel */;
			path = PaycheckStatement.xcdatamodeld;
			sourceTree = "<group>";
			versionGroupType = wrapper.xcdatamodel;
		};
/* End XCVersionGroup section */
	};
	rootObject = 14F6E7462AA229E5004C241B /* Project object */;
}
